<Solution>
  <Project Path="MeetingManagementApplication/MeetingManagementApplication.csproj" />
  <Project Path="MeetingManagementDomain/MeetingManagementDomain.csproj" />
  <Project Path="MeetingManagementInfrastructure/MeetingManagementInfrastructure.csproj" />
  <Project Path="MeetingManagementPresentation/MeetingManagementPresentation.csproj" />
</Solution>
